// !$*UTF8*$!
{
	archiveVersion = 1;
	classes = {
	};
	objectVersion = 46;
	objects = {

/* Begin PBXGroup section */
		0D3DEC4819AF670C00F31B18 = {
			isa = PBXGroup;
			children = (
			);
			sourceTree = "<group>";
		};
/* End PBXGroup section */

/* Begin PBXProject section */
		0D3DEC4919AF670C00F31B18 /* Project object */ = {
			isa = PBXProject;
			attributes = {
				LastUpgradeCheck = 0600;
			};
			buildConfigurationList = 0D3DEC4C19AF670C00F31B18 /* Build configuration list for PBXProject "PG1" */;
			compatibilityVersion = "Xcode 3.2";
			developmentRegion = English;
			hasScannedForEncodings = 0;
			knownRegions = (
				en,
			);
			mainGroup = 0D3DEC4819AF670C00F31B18;
			projectDirPath = "";
			projectRoot = "";
			targets = (
			);
		};
/* End PBXProject section */

/* Begin XCBuildConfiguration section */
		0D3DEC4D19AF670C00F31B18 /* Debug */ = {
			isa = XCBuildConfiguration;
			buildSettings = {
			};
			name = Debug;
		};
		0D3DEC4E19AF670C00F31B18 /* Release */ = {
			isa = XCBuildConfiguration;
			buildSettings = {
			};
			name = Release;
		};
/* End XCBuildConfiguration section */

/* Begin XCConfigurationList section */
		0D3DEC4C19AF670C00F31B18 /* Build configuration list for PBXProject "PG1" */ = {
			isa = XCConfigurationList;
			buildConfigurations = (
				0D3DEC4D19AF670C00F31B18 /* Debug */,
				0D3DEC4E19AF670C00F31B18 /* Release */,
			);
			defaultConfigurationIsVisible = 0;
			defaultConfigurationName = Release;
		};
/* End XCConfigurationList section */
	};
	rootObject = 0D3DEC4919AF670C00F31B18 /* Project object */;
}
